
Microsoft Visual Studio Solution File, Format Version 12.00
# Visual Studio 15
VisualStudioVersion = 15.0.27004.2009
MinimumVisualStudioVersion = 10.0.40219.1
Project("{FAE04EC0-301F-11D3-BF4B-00C04F79EFBC}") = "DragonSlaying", "DragonSlaying\DragonSlaying.csproj", "{54621273-4FF0-40F1-9A71-E720DE0E8B42}"
EndProject
Global
	GlobalSection(SolutionConfigurationPlatforms) = preSolution
		Debug|Any CPU = Debug|Any CPU
		Release|Any CPU = Release|Any CPU
	EndGlobalSection
	GlobalSection(ProjectConfigurationPlatforms) = postSolution
		{54621273-4FF0-40F1-9A71-E720DE0E8B42}.Debug|Any CPU.ActiveCfg = Debug|Any CPU
		{54621273-4FF0-40F1-9A71-E720DE0E8B42}.Debug|Any CPU.Build.0 = Debug|Any CPU
		{54621273-4FF0-40F1-9A71-E720DE0E8B42}.Release|Any CPU.ActiveCfg = Release|Any CPU
		{54621273-4FF0-40F1-9A71-E720DE0E8B42}.Release|Any CPU.Build.0 = Release|Any CPU
	EndGlobalSection
	GlobalSection(SolutionProperties) = preSolution
		HideSolutionNode = FALSE
	EndGlobalSection
	GlobalSection(ExtensibilityGlobals) = postSolution
		SolutionGuid = {023C9993-EB5E-4FE1-A623-D197289D25F8}
	EndGlobalSection
EndGlobal
